
Microsoft Visual Studio Solution File, Format Version 12.00
# Visual Studio 15
VisualStudioVersion = 15.0.26403.7
MinimumVisualStudioVersion = 10.0.40219.1
Project("{FAE04EC0-301F-11D3-BF4B-00C04F79EFBC}") = "CustomerDataUploader", "CustomerDataUploader\CustomerDataUploader.csproj", "{DEF9BBA8-E311-490C-8F0E-FD6FBAF54059}"
EndProject
Project("{FAE04EC0-301F-11D3-BF4B-00C04F79EFBC}") = "CustomerDataUploader.Tests", "CustomerDataUploader.Tests\CustomerDataUploader.Tests.csproj", "{DFAAC0F5-83C8-44F3-80B3-3C1622213471}"
EndProject
Global
	GlobalSection(SolutionConfigurationPlatforms) = preSolution
		Debug|Any CPU = Debug|Any CPU
		Release|Any CPU = Release|Any CPU
	EndGlobalSection
	GlobalSection(ProjectConfigurationPlatforms) = postSolution
		{DEF9BBA8-E311-490C-8F0E-FD6FBAF54059}.Debug|Any CPU.ActiveCfg = Debug|Any CPU
		{DEF9BBA8-E311-490C-8F0E-FD6FBAF54059}.Debug|Any CPU.Build.0 = Debug|Any CPU
		{DEF9BBA8-E311-490C-8F0E-FD6FBAF54059}.Release|Any CPU.ActiveCfg = Release|Any CPU
		{DEF9BBA8-E311-490C-8F0E-FD6FBAF54059}.Release|Any CPU.Build.0 = Release|Any CPU
		{DFAAC0F5-83C8-44F3-80B3-3C1622213471}.Debug|Any CPU.ActiveCfg = Debug|Any CPU
		{DFAAC0F5-83C8-44F3-80B3-3C1622213471}.Debug|Any CPU.Build.0 = Debug|Any CPU
		{DFAAC0F5-83C8-44F3-80B3-3C1622213471}.Release|Any CPU.ActiveCfg = Release|Any CPU
		{DFAAC0F5-83C8-44F3-80B3-3C1622213471}.Release|Any CPU.Build.0 = Release|Any CPU
	EndGlobalSection
	GlobalSection(SolutionProperties) = preSolution
		HideSolutionNode = FALSE
	EndGlobalSection
EndGlobal
